{
  "name": "fast_array_intersect",
  "version": "1.1.0",
  "lockfileVersion": 1,
  "requires": true,
  "dependencies": {
    "array-all-x": {
      "version": "1.1.2",
      "resolved": "https://registry.npmjs.org/array-all-x/-/array-all-x-1.1.2.tgz",
      "integrity": "sha512-rOaX+4+ihVMmJbXMyAEQF1UDfQO2Q8RQZtokSvb2ZpXy/JDaHyY6OtVwEXDmhaLg/FsK3Pb0hJNzWbAZbnwZZg==",
      "dev": true,
      "requires": {
        "array-any-x": "^1.1.2",
        "simple-call-x": "^1.0.3"
      }
    },
    "array-any-x": {
      "version": "1.1.2",
      "resolved": "https://registry.npmjs.org/array-any-x/-/array-any-x-1.1.2.tgz",
      "integrity": "sha512-b9cGMCI0YlIYDuINxHy7ipAO0v9nixJg0RYwDsiJMxQewMOwBpLMW/jJGAHBoDmaHb7b2jR/j7SnyH49ZDxJyQ==",
      "dev": true,
      "requires": {
        "assert-is-function-x": "^3.1.2",
        "simple-call-x": "^1.0.3",
        "split-if-boxed-bug-x": "^2.1.2",
        "to-length-x": "^4.2.2",
        "to-object-x": "^2.2.1"
      }
    },
    "array-filter-x": {
      "version": "3.1.2",
      "resolved": "https://registry.npmjs.org/array-filter-x/-/array-filter-x-3.1.2.tgz",
      "integrity": "sha512-Dui8g/SEu2a8UY5f3GNzXx84WGIMYPrRaQtL5L3h1cxybDT5rsi/bkDpWq7y3/FZ5nvxyJNx4ld5C6qA3lqPDg==",
      "dev": true,
      "requires": {
        "array-all-x": "^1.1.2",
        "assert-is-function-x": "^3.1.2",
        "attempt-x": "^2.1.2",
        "require-object-coercible-x": "^2.1.1",
        "simple-call-x": "^1.0.3",
        "simple-methodize-x": "^1.0.4",
        "to-boolean-x": "^2.1.1",
        "to-object-x": "^2.2.1"
      }
    },
    "array-includes-x": {
      "version": "3.1.2",
      "resolved": "https://registry.npmjs.org/array-includes-x/-/array-includes-x-3.1.2.tgz",
      "integrity": "sha512-ImxOdeYAyrdhCAaN88SerFttjV0TmQxRUokY1YIcYCcfNjvqlommzHmQD+jCdHI0v+h1jMF4SP7jC2dPIqfVtA==",
      "dev": true,
      "requires": {
        "attempt-x": "^2.1.2",
        "calculate-from-index-x": "^3.1.2",
        "find-index-x": "^3.1.2",
        "index-of-x": "^3.1.2",
        "require-object-coercible-x": "^2.1.1",
        "same-value-zero-x": "^2.1.1",
        "simple-methodize-x": "^1.0.4",
        "split-if-boxed-bug-x": "^2.1.2",
        "to-boolean-x": "^2.1.1",
        "to-length-x": "^4.2.2",
        "to-object-x": "^2.2.1"
      }
    },
    "array-intersection-x": {
      "version": "3.1.2",
      "resolved": "https://registry.npmjs.org/array-intersection-x/-/array-intersection-x-3.1.2.tgz",
      "integrity": "sha512-UyZJ3SzqHtVUZF/J7ZO29bbU5TxPOGRGlrfy1T5eUOzjYYetmTvY+AIGJzaIvZE575cpLyJ36t26PEuVVdRmBw==",
      "dev": true,
      "requires": {
        "array-filter-x": "^3.1.2",
        "array-includes-x": "^3.1.2",
        "array-reduce-x": "^3.1.2",
        "array-some-x": "^3.1.2",
        "is-nil-x": "^2.1.1",
        "simple-methodize-x": "^1.0.4"
      }
    },
    "array-reduce-x": {
      "version": "3.1.2",
      "resolved": "https://registry.npmjs.org/array-reduce-x/-/array-reduce-x-3.1.2.tgz",
      "integrity": "sha512-FxVxIQXotI+OrNCJUEGdL+wr1s6zFa7Q2U7EA5KxBHewVRv2yMfstkCTTpsVV+Cc4Xmk7p7n4eHKL1d1+wqtHw==",
      "dev": true,
      "requires": {
        "assert-is-function-x": "^3.1.2",
        "attempt-x": "^2.1.2",
        "require-object-coercible-x": "^2.1.1",
        "simple-methodize-x": "^1.0.4",
        "split-if-boxed-bug-x": "^2.1.2",
        "to-boolean-x": "^2.1.1",
        "to-length-x": "^4.2.2",
        "to-object-x": "^2.2.1"
      }
    },
    "array-some-x": {
      "version": "3.1.2",
      "resolved": "https://registry.npmjs.org/array-some-x/-/array-some-x-3.1.2.tgz",
      "integrity": "sha512-JccQYIaJSaDCcKsB3x7/SYnhpnKbeiyJT4g5DtkZllzfP9GfDCnl53ILaH3saiJcbFg83eWR4VbsGtzsiHLpYg==",
      "dev": true,
      "requires": {
        "array-any-x": "^1.1.2",
        "assert-is-function-x": "^3.1.2",
        "attempt-x": "^2.1.2",
        "require-object-coercible-x": "^2.1.1",
        "simple-call-x": "^1.0.3",
        "simple-methodize-x": "^1.0.4",
        "to-boolean-x": "^2.1.1",
        "to-object-x": "^2.2.1"
      }
    },
    "assert-is-function-x": {
      "version": "3.1.2",
      "resolved": "https://registry.npmjs.org/assert-is-function-x/-/assert-is-function-x-3.1.2.tgz",
      "integrity": "sha512-FiMv0RYR/eMQk2EOMYJKvm+QFQa2AQzjccI9rN4cpvNd6M+UuobnV6m0sqIO5U+Q2LillGwaya16MRGa2Sr6+w==",
      "dev": true,
      "requires": {
        "is-function-x": "^4.1.2",
        "is-primitive-x": "^1.0.1",
        "to-string-symbols-supported-x": "^2.1.2"
      }
    },
    "attempt-x": {
      "version": "2.1.2",
      "resolved": "https://registry.npmjs.org/attempt-x/-/attempt-x-2.1.2.tgz",
      "integrity": "sha512-vblT/0yT5dmm2qo8mfBjtiu0BGL/HWhxBFTrqHvkjQQSsXb/sTmpYIi1StJGSN5W/TX2E+FsuX7c23ExMZy2jw==",
      "dev": true,
      "requires": {
        "simple-call-x": "^1.0.3",
        "util-pusher-x": "^1.0.3"
      }
    },
    "benchmark": {
      "version": "2.1.4",
      "resolved": "https://registry.npmjs.org/benchmark/-/benchmark-2.1.4.tgz",
      "integrity": "sha1-CfPeMckWQl1JjMLuVloOvzwqVik=",
      "dev": true,
      "requires": {
        "lodash": "^4.17.4",
        "platform": "^1.3.3"
      }
    },
    "cached-constructors-x": {
      "version": "2.2.1",
      "resolved": "https://registry.npmjs.org/cached-constructors-x/-/cached-constructors-x-2.2.1.tgz",
      "integrity": "sha512-GQFEIdT6mBLUfY986TdQA05WnmkkCFf0CDk++VfNraIWSCz0889bAu14FPMuoKNbVySAub7ItDa95ALp2008FQ==",
      "dev": true,
      "requires": {
        "noop-x": "^1.2.1"
      }
    },
    "calculate-from-index-x": {
      "version": "3.1.2",
      "resolved": "https://registry.npmjs.org/calculate-from-index-x/-/calculate-from-index-x-3.1.2.tgz",
      "integrity": "sha512-7TsLYHEPvyCWaFwCQgCWcE6Lt5BowjA/TqggJFhE4hs4c4UM36H3Sodf5Jy0TxVepu0pYTWHtKaeOvoKrRl4JA==",
      "dev": true,
      "requires": {
        "is-array-like-x": "^2.1.2",
        "to-integer-x": "^4.2.2",
        "to-length-x": "^4.2.2",
        "to-object-x": "^2.2.1"
      }
    },
    "fast-deep-equal": {
      "version": "2.0.1",
      "resolved": "https://registry.npmjs.org/fast-deep-equal/-/fast-deep-equal-2.0.1.tgz",
      "integrity": "sha1-ewUhjd+WZ79/Nwv3/bLLFf3Qqkk=",
      "dev": true
    },
    "fast-memoize": {
      "version": "2.5.1",
      "resolved": "https://registry.npmjs.org/fast-memoize/-/fast-memoize-2.5.1.tgz",
      "integrity": "sha512-xdmw296PCL01tMOXx9mdJSmWY29jQgxyuZdq0rEHMu+Tpe1eOEtCycoG6chzlcrWsNgpZP7oL8RiQr7+G6Bl6g==",
      "dev": true
    },
    "find-index-x": {
      "version": "3.1.2",
      "resolved": "https://registry.npmjs.org/find-index-x/-/find-index-x-3.1.2.tgz",
      "integrity": "sha512-BrDZ6eZDuspxF8qQ0n6044fnOzhY+ITNn7M+iqHekU6l1eeu6UcC5dqm+3tGip5vG4JHEEfbiT7vhcJcj3H9Bg==",
      "dev": true,
      "requires": {
        "assert-is-function-x": "^3.1.2",
        "attempt-x": "^2.1.2",
        "split-if-boxed-bug-x": "^2.1.2",
        "to-length-x": "^4.2.2",
        "to-object-x": "^2.2.1"
      }
    },
    "has-boxed-string-x": {
      "version": "2.1.1",
      "resolved": "https://registry.npmjs.org/has-boxed-string-x/-/has-boxed-string-x-2.1.1.tgz",
      "integrity": "sha512-1MmOo3H8UbI6JQ3e3TaxAXHQmpnyrM5DjYRqRXNvjl/UHZqb2fEyfp0UPvtbzvmOf0+sBzcv4ea/LEw87WNyVA==",
      "dev": true
    },
    "has-symbol-support-x": {
      "version": "2.1.2",
      "resolved": "https://registry.npmjs.org/has-symbol-support-x/-/has-symbol-support-x-2.1.2.tgz",
      "integrity": "sha512-RpWVMhXSkiJCXI7+bavsapHwlS0VD7rCOSwhzcy0yZzFXxr+FznUBK4OkECVH/EOM1ZoVXw8OzABIEvaEFl+Zg==",
      "dev": true,
      "requires": {
        "attempt-x": "^2.1.2",
        "is-symbol": "^1.0.2"
      }
    },
    "has-symbols": {
      "version": "1.0.0",
      "resolved": "https://registry.npmjs.org/has-symbols/-/has-symbols-1.0.0.tgz",
      "integrity": "sha1-uhqPGvKg/DllD1yFA2dwQSIGO0Q=",
      "dev": true
    },
    "has-to-string-tag-x": {
      "version": "2.1.2",
      "resolved": "https://registry.npmjs.org/has-to-string-tag-x/-/has-to-string-tag-x-2.1.2.tgz",
      "integrity": "sha512-xVv4BRcvyT9FAZSzvWD6tzVWj5JHK2d+mcv2wRSIfNBhG534hSfDGPdtx3hHJUE94BufO+pFyVpKbnaC6dsalA==",
      "dev": true,
      "requires": {
        "has-symbol-support-x": "^2.1.2",
        "is-symbol": "^1.0.2"
      }
    },
    "has-working-bind-x": {
      "version": "1.0.1",
      "resolved": "https://registry.npmjs.org/has-working-bind-x/-/has-working-bind-x-1.0.1.tgz",
      "integrity": "sha512-iVknmNYk7CdVSDsdIyaeyPNPHlhoESfNEztH9J6kUayhj123M1so039HfC91vAOtR4NyLXWyvaFiNaXvmT/JRQ==",
      "dev": true,
      "requires": {
        "noop-x": "^1.2.1"
      }
    },
    "index-of-x": {
      "version": "3.1.2",
      "resolved": "https://registry.npmjs.org/index-of-x/-/index-of-x-3.1.2.tgz",
      "integrity": "sha512-IgA7qpd3a0QeGD6GyznKqTz7IGQ6aubo19yi9Canit1ajRnqafF9iTnhuarp+ZEUBEpdIkbHSa9cpKPHA+N9cg==",
      "dev": true,
      "requires": {
        "attempt-x": "^2.1.2",
        "calculate-from-index-x": "^3.1.2",
        "find-index-x": "^3.1.2",
        "is-nan-x": "^2.1.1",
        "is-string": "^1.0.4",
        "same-value-x": "^2.1.1",
        "same-value-zero-x": "^2.1.1",
        "simple-methodize-x": "^1.0.4",
        "split-if-boxed-bug-x": "^2.1.2",
        "to-boolean-x": "^2.1.1",
        "to-integer-x": "^4.2.2",
        "to-length-x": "^4.2.2",
        "to-object-x": "^2.2.1"
      }
    },
    "infinity-x": {
      "version": "2.2.1",
      "resolved": "https://registry.npmjs.org/infinity-x/-/infinity-x-2.2.1.tgz",
      "integrity": "sha512-aGc1EANwAzNPQYQ1uqZRiEVOK6NktlCQ+72Ey4+bDkKIiA93vPZiwjkz2sxgaRaEBed2FwXDdgPHez0K97sf3w==",
      "dev": true
    },
    "intersect": {
      "version": "1.0.1",
      "resolved": "https://registry.npmjs.org/intersect/-/intersect-1.0.1.tgz",
      "integrity": "sha1-MyZQ4QhU2MCsWMGSvcJ6i/fnoww=",
      "dev": true
    },
    "intersection-of": {
      "version": "1.3.0",
      "resolved": "https://registry.npmjs.org/intersection-of/-/intersection-of-1.3.0.tgz",
      "integrity": "sha512-E2bKbwYub5IcuKXRLRwwOrmvbLBNJ84c1ejJjs+mAgUY8pChvrmtgAmFgBysWme42pYyyv90c7TI+X0i4uYZjw==",
      "dev": true,
      "requires": {
        "fast-deep-equal": "^2.0.1",
        "fast-memoize": "^2.5.1",
        "lodash.intersection": "^4.4.0",
        "lodash.intersectionby": "^4.7.0",
        "lodash.intersectionwith": "^4.4.0",
        "slim-cache": "^1.1.0"
      }
    },
    "is-array-like-x": {
      "version": "2.1.2",
      "resolved": "https://registry.npmjs.org/is-array-like-x/-/is-array-like-x-2.1.2.tgz",
      "integrity": "sha512-XkIyHvSRWLcsAYAQq71pAMqcEaq2tZuK6saW9H1iMel3IoyN2HFy6RjRzvCQR2tHqlGW7ueHxAgalr7rjYHtXA==",
      "dev": true,
      "requires": {
        "is-function-x": "^4.1.2",
        "is-length-x": "^3.2.2",
        "is-nil-x": "^2.1.1"
      }
    },
    "is-date-object": {
      "version": "1.0.1",
      "resolved": "https://registry.npmjs.org/is-date-object/-/is-date-object-1.0.1.tgz",
      "integrity": "sha1-mqIOtq7rv/d/vTPnTKAbM1gdOhY=",
      "dev": true
    },
    "is-finite-x": {
      "version": "4.2.1",
      "resolved": "https://registry.npmjs.org/is-finite-x/-/is-finite-x-4.2.1.tgz",
      "integrity": "sha512-Ec5P0yFz5GR8uYQbVNx1QFUzgggsuhv85iDUJzrAe6aiJB8DTIivJKJoDBpHDcb7VXi3tEJTnBIYYRiRwgsIxQ==",
      "dev": true,
      "requires": {
        "infinity-x": "^2.2.1",
        "is-nan-x": "^2.1.1"
      }
    },
    "is-function-x": {
      "version": "4.1.2",
      "resolved": "https://registry.npmjs.org/is-function-x/-/is-function-x-4.1.2.tgz",
      "integrity": "sha512-Ddyyh7mT7Wa4/WCvJ1yHOVQ8Sy+fx76PlfNYoKWJAPUj3O+DjYRQF4NdZ8zRIpkN08Oyto0yPkckUrShYthrFQ==",
      "dev": true,
      "requires": {
        "attempt-x": "^2.1.2",
        "has-to-string-tag-x": "^2.1.2",
        "is-primitive-x": "^1.0.1",
        "normalize-space-x": "^4.1.2",
        "replace-comments-x": "^3.1.2",
        "simple-methodize-x": "^1.0.4",
        "to-boolean-x": "^2.1.1",
        "to-string-tag-x": "^2.1.2"
      }
    },
    "is-integer-x": {
      "version": "2.2.2",
      "resolved": "https://registry.npmjs.org/is-integer-x/-/is-integer-x-2.2.2.tgz",
      "integrity": "sha512-06SipMhKYqmrf6h6P96d/0QMy7kEjo91dKjlgym9mx3yb8F0DMuLji16QA4iq1tn4ZaWMQg9dK7S57TA/rZayA==",
      "dev": true,
      "requires": {
        "is-finite-x": "^4.2.1",
        "to-integer-x": "^4.2.2"
      }
    },
    "is-length-x": {
      "version": "3.2.2",
      "resolved": "https://registry.npmjs.org/is-length-x/-/is-length-x-3.2.2.tgz",
      "integrity": "sha512-FvtrFszHlUmX1LDYLvdd/iooYZWiVzZal0RCEDdx79vqYOChqoIxgiZETppp60znCM37dKubFLIcpQYhDpSwMw==",
      "dev": true,
      "requires": {
        "is-safe-integer-x": "^2.2.2"
      }
    },
    "is-nan-x": {
      "version": "2.1.1",
      "resolved": "https://registry.npmjs.org/is-nan-x/-/is-nan-x-2.1.1.tgz",
      "integrity": "sha512-pF3332LooafxENk8PnUjZlW/VTX1SNI9/gHfMKWXX/5PzpA7wjnaQcfeBa8Hyo77V1T1WOZ65YeRpidZvShkrg==",
      "dev": true
    },
    "is-nil-x": {
      "version": "2.1.1",
      "resolved": "https://registry.npmjs.org/is-nil-x/-/is-nil-x-2.1.1.tgz",
      "integrity": "sha512-8PThmdFnNVMfzg+rsUD9lWnZ9PMOPsOzDTxTycc5xIU7nlu8jEFhIj6wk+1yTeu2UHoyj78mueL9kh/eLIGumQ==",
      "dev": true
    },
    "is-primitive-x": {
      "version": "1.0.1",
      "resolved": "https://registry.npmjs.org/is-primitive-x/-/is-primitive-x-1.0.1.tgz",
      "integrity": "sha512-Z29Qi/aRkELj6LO3LnnSAPN1929UIpY0h0yha5zULYo3VY1Q8hr2ocAE/fVZf22D8LFwoDoGSZwepbk7nvv+Ag==",
      "dev": true
    },
    "is-safe-integer-x": {
      "version": "2.2.2",
      "resolved": "https://registry.npmjs.org/is-safe-integer-x/-/is-safe-integer-x-2.2.2.tgz",
      "integrity": "sha512-ls5MYHB6n4sUtRTFR/EfngesYZUCv57/sWChbaV53q1HZSG5gYiDOIgOwCu9b95RW23LdBrbCf4A5u2F7gp2Zg==",
      "dev": true,
      "requires": {
        "is-integer-x": "^2.2.2"
      }
    },
    "is-string": {
      "version": "1.0.4",
      "resolved": "https://registry.npmjs.org/is-string/-/is-string-1.0.4.tgz",
      "integrity": "sha1-zDqbaYV9Yh6WNyWiTK7shzuCbmQ=",
      "dev": true
    },
    "is-symbol": {
      "version": "1.0.2",
      "resolved": "https://registry.npmjs.org/is-symbol/-/is-symbol-1.0.2.tgz",
      "integrity": "sha512-HS8bZ9ox60yCJLH9snBpIwv9pYUAkcuLhSA1oero1UB5y9aiQpRA8y2ex945AOtCZL1lJDeIk3G5LthswI46Lw==",
      "dev": true,
      "requires": {
        "has-symbols": "^1.0.0"
      }
    },
    "lodash": {
      "version": "4.17.15",
      "resolved": "https://registry.npmjs.org/lodash/-/lodash-4.17.15.tgz",
      "integrity": "sha512-8xOcRHvCjnocdS5cpwXQXVzmmh5e5+saE2QGoeQmbKmRS6J3VQppPOIt0MnmE+4xlZoumy0GPG0D0MVIQbNA1A==",
      "dev": true
    },
    "lodash.intersection": {
      "version": "4.4.0",
      "resolved": "https://registry.npmjs.org/lodash.intersection/-/lodash.intersection-4.4.0.tgz",
      "integrity": "sha1-ChG6Yx0OlcI8fy9Mu5ppLtF45wU=",
      "dev": true
    },
    "lodash.intersectionby": {
      "version": "4.7.0",
      "resolved": "https://registry.npmjs.org/lodash.intersectionby/-/lodash.intersectionby-4.7.0.tgz",
      "integrity": "sha1-EvEl5NoAsiKQ/r2htsG2i7klUSU=",
      "dev": true
    },
    "lodash.intersectionwith": {
      "version": "4.4.0",
      "resolved": "https://registry.npmjs.org/lodash.intersectionwith/-/lodash.intersectionwith-4.4.0.tgz",
      "integrity": "sha1-gYlJ4pMFK6f8c6RA9hFMLIHDjhw=",
      "dev": true
    },
    "math-sign-x": {
      "version": "4.2.2",
      "resolved": "https://registry.npmjs.org/math-sign-x/-/math-sign-x-4.2.2.tgz",
      "integrity": "sha512-mQ2o1VayrZ6Jaz8VyP8B7h/hdn2iAnbUOrQh4rTiwbpULhktpD8IpHGBw8Qo2fmv97Z1P3YzLF3X/DkbIHBQmA==",
      "dev": true,
      "requires": {
        "is-nan-x": "^2.1.1",
        "to-number-x": "^3.2.2"
      }
    },
    "nan-x": {
      "version": "2.2.1",
      "resolved": "https://registry.npmjs.org/nan-x/-/nan-x-2.2.1.tgz",
      "integrity": "sha512-kZN/tgpupBg+ZVB+25lTDNKwnDGCFia36awekeIRj4AF3zQ/bnRDgr3M3mEV2KmFYC+UW8rVCCPjAz0rGdZk8A==",
      "dev": true
    },
    "noop-x": {
      "version": "1.2.1",
      "resolved": "https://registry.npmjs.org/noop-x/-/noop-x-1.2.1.tgz",
      "integrity": "sha512-X+jn3u2YhlAjteZIfrcVxaDLRfnrMvkzQ+jRatOX8UO7PFqU0QKlcyI2DhvLKEK2K4u1cRrZw9QqK3XruvyH2A==",
      "dev": true
    },
    "normalize-space-x": {
      "version": "4.1.2",
      "resolved": "https://registry.npmjs.org/normalize-space-x/-/normalize-space-x-4.1.2.tgz",
      "integrity": "sha512-nADMBxZ8tCAS/VR6s+EU7p2P/+Hs0GSmUvkXyThZmdACqDIeyAmRHi4aRsbR32Ec0H+AC71srh2l3I5CF0NKvw==",
      "dev": true,
      "requires": {
        "simple-methodize-x": "^1.0.4",
        "trim-x": "^4.1.2",
        "white-space-x": "^4.1.1"
      }
    },
    "parse-int-x": {
      "version": "3.2.2",
      "resolved": "https://registry.npmjs.org/parse-int-x/-/parse-int-x-3.2.2.tgz",
      "integrity": "sha512-2hRe7DQZb8+YAXHu1esNwfEp6+yypsl1wayA7Vm7s/atrkUPltuG/y9KKfLcg3Ns/eG9EFJCugVS2eDZ8mJdYA==",
      "dev": true,
      "requires": {
        "nan-x": "^2.2.1",
        "simple-methodize-x": "^1.0.4",
        "to-string-x": "^2.1.1",
        "trim-left-x": "^4.1.2"
      }
    },
    "platform": {
      "version": "1.3.5",
      "resolved": "https://registry.npmjs.org/platform/-/platform-1.3.5.tgz",
      "integrity": "sha512-TuvHS8AOIZNAlE77WUDiR4rySV/VMptyMfcfeoMgs4P8apaZM3JrnbzBiixKUv+XR6i+BXrQh8WAnjaSPFO65Q==",
      "dev": true
    },
    "replace-comments-x": {
      "version": "3.1.2",
      "resolved": "https://registry.npmjs.org/replace-comments-x/-/replace-comments-x-3.1.2.tgz",
      "integrity": "sha512-Ig8PT8++5YLhTDD8EokcTyawaULbOzzeFk8Tb6VVAVqiqZ5ZFcU1/fBw9IEwjd8r3wMm6HSZmQOCYYYny8dGnw==",
      "dev": true,
      "requires": {
        "require-coercible-to-string-x": "^2.1.1",
        "simple-methodize-x": "^1.0.4",
        "to-string-x": "^2.1.1"
      }
    },
    "require-coercible-to-string-x": {
      "version": "2.1.1",
      "resolved": "https://registry.npmjs.org/require-coercible-to-string-x/-/require-coercible-to-string-x-2.1.1.tgz",
      "integrity": "sha512-/6GKFuhc8z1zBXkTLQDH1OrbkeMWKwvJbjkLFMiKi3LOBpn+5pAdgV5B8Y4vXWrlwhvpIeg3dFRFDZdcyBDQyA==",
      "dev": true,
      "requires": {
        "require-object-coercible-x": "^2.1.1",
        "to-string-x": "^2.1.1"
      }
    },
    "require-object-coercible-x": {
      "version": "2.1.1",
      "resolved": "https://registry.npmjs.org/require-object-coercible-x/-/require-object-coercible-x-2.1.1.tgz",
      "integrity": "sha512-te3nTMzvKCUMIRBQYAtLAPMfXvYnYCijZplqA3/VdSGFFNzgkiuaUGUQdZDSHhK20Z7xewHRWW4XkVpUVrQwMA==",
      "dev": true,
      "requires": {
        "is-nil-x": "^2.1.1"
      }
    },
    "same-value-x": {
      "version": "2.1.1",
      "resolved": "https://registry.npmjs.org/same-value-x/-/same-value-x-2.1.1.tgz",
      "integrity": "sha512-dPxZF9siIDDQk0oZ4g88mA5OcLx7EKKqU2PNSyr8RCAjsfV1DLfWOVnETxEZSHXr+TpDy0Jco6en/RLO33vfdQ==",
      "dev": true,
      "requires": {
        "is-nan-x": "^2.1.1"
      }
    },
    "same-value-zero-x": {
      "version": "2.1.1",
      "resolved": "https://registry.npmjs.org/same-value-zero-x/-/same-value-zero-x-2.1.1.tgz",
      "integrity": "sha512-EYw4MgarqX8i//WneRq/jgamDcYC7KUrS9yNoRGvvQMTtrBeMLSPfnjz4+KgqueDW9If5iq2Km4MV9AswuMA9A==",
      "dev": true,
      "requires": {
        "same-value-x": "^2.1.1"
      }
    },
    "simple-bind-x": {
      "version": "1.0.3",
      "resolved": "https://registry.npmjs.org/simple-bind-x/-/simple-bind-x-1.0.3.tgz",
      "integrity": "sha512-UNt+DzNdI/a6dfkpJoGTCarOKnBBNxTwcjrCqQWtHQ5NZtI0fdjL4hB4YtYCbOETGnNw5/e69K6URhSs738KLg==",
      "dev": true,
      "requires": {
        "has-working-bind-x": "^1.0.1",
        "util-pusher-x": "^1.0.3"
      }
    },
    "simple-call-x": {
      "version": "1.0.3",
      "resolved": "https://registry.npmjs.org/simple-call-x/-/simple-call-x-1.0.3.tgz",
      "integrity": "sha512-f80t0ft82q15coHABjl95mnqCDIkpxLeQzfwdwtc0bx0FTnsS8uKDseyY0Pxa2O6Oh5Lpe2QKG2Q3NXWPjxEMQ==",
      "dev": true,
      "requires": {
        "simple-bind-x": "^1.0.3",
        "util-pusher-x": "^1.0.3"
      }
    },
    "simple-methodize-x": {
      "version": "1.0.4",
      "resolved": "https://registry.npmjs.org/simple-methodize-x/-/simple-methodize-x-1.0.4.tgz",
      "integrity": "sha512-omskIMJiH/urw+5mzLDYsV7yVFigo5LHTA24CHAFkh+HmZ53eQtfoeh4nkGI03JFCacAnL1uhNCyMlJTecXvzg==",
      "dev": true,
      "requires": {
        "simple-call-x": "^1.0.3",
        "util-pusher-x": "^1.0.3"
      }
    },
    "slim-cache": {
      "version": "1.1.1",
      "resolved": "https://registry.npmjs.org/slim-cache/-/slim-cache-1.1.1.tgz",
      "integrity": "sha512-xZ0aVGrRJZvAEIeNLQDwbrUvfgMjTHbRrzZ0yEbkrBrqsIDzOTRvQfjfMn9D4Uz1PD/1ShebtQPueWzDPI+7OA==",
      "dev": true
    },
    "split-if-boxed-bug-x": {
      "version": "2.1.2",
      "resolved": "https://registry.npmjs.org/split-if-boxed-bug-x/-/split-if-boxed-bug-x-2.1.2.tgz",
      "integrity": "sha512-s16LLvA6VVqayT560dGsP1AXGWAIBsd/1KotRSjoPiaAMPKLbyio9iAsR+b6RGBF22zdlBLGjc4KyU5KCfmzIA==",
      "dev": true,
      "requires": {
        "has-boxed-string-x": "^2.1.1",
        "is-string": "^1.0.4",
        "simple-methodize-x": "^1.0.4"
      }
    },
    "to-boolean-x": {
      "version": "2.1.1",
      "resolved": "https://registry.npmjs.org/to-boolean-x/-/to-boolean-x-2.1.1.tgz",
      "integrity": "sha512-ir6nGXyTFDPIUiMuePbGIx5UnY6JbxMw7e18djKrDHhXvt14pbhsbatFzySIVW++4vevTtQNYinh8bKOCW//KQ==",
      "dev": true
    },
    "to-integer-x": {
      "version": "4.2.2",
      "resolved": "https://registry.npmjs.org/to-integer-x/-/to-integer-x-4.2.2.tgz",
      "integrity": "sha512-dOYAgv5mt1/2rQsHne+DcHQkO9maWn1qreikAg5EMIdVZXNMYfKmrYrtKKunS4CUyqnvd1UaLgrY3QRkj8jM+A==",
      "dev": true,
      "requires": {
        "is-finite-x": "^4.2.1",
        "is-nan-x": "^2.1.1",
        "math-sign-x": "^4.2.2",
        "to-number-x": "^3.2.2"
      }
    },
    "to-length-x": {
      "version": "4.2.2",
      "resolved": "https://registry.npmjs.org/to-length-x/-/to-length-x-4.2.2.tgz",
      "integrity": "sha512-ZOla1LzUusLnMyjieVtLQTtmLctIYSrXK34V2dGdALXYxIGvFxapiKgkQdIH1PlV1mPUFDziDr1TkYEa1zBwFA==",
      "dev": true,
      "requires": {
        "to-integer-x": "^4.2.2"
      }
    },
    "to-number-x": {
      "version": "3.2.2",
      "resolved": "https://registry.npmjs.org/to-number-x/-/to-number-x-3.2.2.tgz",
      "integrity": "sha512-snnymZEexIsNKZQu2Ak6sZpQ9u0BZ5VJfcjBuZHg6IUih/42rup75jQlTE1K5loUB/dBeZj8uMLa2xA2VxsccQ==",
      "dev": true,
      "requires": {
        "is-symbol": "^1.0.2",
        "nan-x": "^2.2.1",
        "parse-int-x": "^3.2.2",
        "simple-methodize-x": "^1.0.4",
        "to-primitive-x": "^2.1.2",
        "trim-x": "^4.1.2"
      }
    },
    "to-object-x": {
      "version": "2.2.1",
      "resolved": "https://registry.npmjs.org/to-object-x/-/to-object-x-2.2.1.tgz",
      "integrity": "sha512-bTqODgmN4q3TJfIVDd4qNRNyDxOHyy0ZzFEwJsZr0RUseKQFTAcGszFCAtypLKjfTsSxoPZUkq9OPB9h/Hf2PQ==",
      "dev": true,
      "requires": {
        "cached-constructors-x": "^2.2.1",
        "require-object-coercible-x": "^2.1.1"
      }
    },
    "to-primitive-x": {
      "version": "2.1.2",
      "resolved": "https://registry.npmjs.org/to-primitive-x/-/to-primitive-x-2.1.2.tgz",
      "integrity": "sha512-AXm1W8QR8tvi8HeClW3dKQxBErtvBgg54RjLY3HvuT+aXUwDPAQJETZED9yk8xA11Nd4NSql8iz4QP4nmnU2oA==",
      "dev": true,
      "requires": {
        "has-symbol-support-x": "^2.1.2",
        "is-date-object": "^1.0.1",
        "is-function-x": "^4.1.2",
        "is-nil-x": "^2.1.1",
        "is-primitive-x": "^1.0.1",
        "is-symbol": "^1.0.2",
        "require-object-coercible-x": "^2.1.1",
        "simple-call-x": "^1.0.3"
      }
    },
    "to-string-symbols-supported-x": {
      "version": "2.1.2",
      "resolved": "https://registry.npmjs.org/to-string-symbols-supported-x/-/to-string-symbols-supported-x-2.1.2.tgz",
      "integrity": "sha512-sHDiVh9DeTSgMxmgDDFiay4+WpFx81U0e9el6lxORfm/s3F07suUieI+rPKOfQ3sqVvkPMd4aCvuQtHLJQj2vg==",
      "dev": true,
      "requires": {
        "has-symbol-support-x": "^2.1.2",
        "is-symbol": "^1.0.2"
      }
    },
    "to-string-tag-x": {
      "version": "2.1.2",
      "resolved": "https://registry.npmjs.org/to-string-tag-x/-/to-string-tag-x-2.1.2.tgz",
      "integrity": "sha512-854igRa+5oWpAy2Y+SwGbjyjgFNfl1gIJH9ShVeXJYuKHIt8NS17sFllysRtFOD1iemNoGbVbTnI1qFDyjjGQw==",
      "dev": true,
      "requires": {
        "simple-methodize-x": "^1.0.4"
      }
    },
    "to-string-x": {
      "version": "2.1.1",
      "resolved": "https://registry.npmjs.org/to-string-x/-/to-string-x-2.1.1.tgz",
      "integrity": "sha512-4R9y5W1m3YxHM4MGtgudgtVsx7mTTtyI7qC5wiuoJt3fwJEiNBBInmwggGawJELSY7aDajIaVyWziq46bimupw==",
      "dev": true,
      "requires": {
        "is-symbol": "^1.0.2"
      }
    },
    "trim-left-x": {
      "version": "4.1.2",
      "resolved": "https://registry.npmjs.org/trim-left-x/-/trim-left-x-4.1.2.tgz",
      "integrity": "sha512-yJeikzHJkxBygGAhXIVxxFuRqO0jptEx91+U7bS2il6uCZ/CAOWySArfOt35ZwzTyXfnfiB+BhvxvE2TroVcxA==",
      "dev": true,
      "requires": {
        "require-coercible-to-string-x": "^2.1.1",
        "simple-methodize-x": "^1.0.4",
        "white-space-x": "^4.1.1"
      }
    },
    "trim-right-x": {
      "version": "4.1.2",
      "resolved": "https://registry.npmjs.org/trim-right-x/-/trim-right-x-4.1.2.tgz",
      "integrity": "sha512-//Z+2PD4eS9lh2lZjalpBEII7Ef2DaDQ5s1OOx1JK1L90WWfrqdC9/vX8f467lmahNGkxoxmHWwNDN6XdK0oKg==",
      "dev": true,
      "requires": {
        "require-coercible-to-string-x": "^2.1.1",
        "simple-methodize-x": "^1.0.4",
        "white-space-x": "^4.1.1"
      }
    },
    "trim-x": {
      "version": "4.1.2",
      "resolved": "https://registry.npmjs.org/trim-x/-/trim-x-4.1.2.tgz",
      "integrity": "sha512-Cr4fnQ52a57JCX20SzyvRyLcMvKgKd9lcf7Jh/oa1w4FfH1kGT6F7/HjNiAJZyDW+xdLLH6KhrfRhvoIYZKROA==",
      "dev": true,
      "requires": {
        "trim-left-x": "^4.1.2",
        "trim-right-x": "^4.1.2"
      }
    },
    "typescript": {
      "version": "3.6.2",
      "resolved": "https://registry.npmjs.org/typescript/-/typescript-3.6.2.tgz",
      "integrity": "sha512-lmQ4L+J6mnu3xweP8+rOrUwzmN+MRAj7TgtJtDaXE5PMyX2kCrklhg3rvOsOIfNeAWMQWO2F1GPc1kMD2vLAfw==",
      "dev": true
    },
    "util-pusher-x": {
      "version": "1.0.3",
      "resolved": "https://registry.npmjs.org/util-pusher-x/-/util-pusher-x-1.0.3.tgz",
      "integrity": "sha512-+hCPl/DrppZRn/RHYnUcNwckR4h5s06pUELCSGEMhdYSy7N6dIfvozR482w5j2+eKfXvDISL/QNlTnRPB2skDw==",
      "dev": true,
      "requires": {
        "has-boxed-string-x": "^2.1.1",
        "has-working-bind-x": "^1.0.1",
        "is-primitive-x": "^1.0.1",
        "is-string": "^1.0.4"
      }
    },
    "white-space-x": {
      "version": "4.1.1",
      "resolved": "https://registry.npmjs.org/white-space-x/-/white-space-x-4.1.1.tgz",
      "integrity": "sha512-eVlQcQLfYCUhM+oSoyKzn1j+z//UHbe9Lqr6xUeR/YG4n9AobOtLVdHnj69MJK8LaW3fqSm4n+hAbfPi/1M5/Q==",
      "dev": true
    }
  }
}
